<?xml version="1.0" encoding="utf-8"?>
<Project ToolsVersion="4.0" xmlns="http://schemas.microsoft.com/developer/msbuild/2003">
  <ItemGroup>
    <Filter Include="Source Files">
      <UniqueIdentifier>{4FC737F1-C7A5-4376-A066-2A32D752A2FF}</UniqueIdentifier>
      <Extensions>cpp;c;cc;cxx;def;odl;idl;hpj;bat;asm;asmx</Extensions>
    </Filter>
    <Filter Include="Header Files">
      <UniqueIdentifier>{93995380-89BD-4b04-88EB-625FBE52EBFB}</UniqueIdentifier>
      <Extensions>h;hh;hpp;hxx;hm;inl;inc;ipp;xsd</Extensions>
    </Filter>
    <Filter Include="Resource Files">
      <UniqueIdentifier>{67DA6AB6-F800-4c08-8B7A-83BB121AAD01}</UniqueIdentifier>
      <Extensions>rc;ico;cur;bmp;dlg;rc2;rct;bin;rgs;gif;jpg;jpeg;jpe;resx;tiff;tif;png;wav;mfcribbon-ms</Extensions>
    </Filter>
  </ItemGroup>
  <ItemGroup>
    <ClCompile Include="src\main.cpp">
      <Filter>Source Files</Filter>
    </ClCompile>
    <ClCompile Include="src\ecs\world.cpp">
      <Filter>Source Files</Filter>
    </ClCompile>
    <ClCompile Include="src\ecs\entity.cpp">
      <Filter>Source Files</Filter>
    </ClCompile>
    <ClCompile Include="src\ecs\system.cpp">
      <Filter>Source Files</Filter>
    </ClCompile>
    <ClCompile Include="src\graphics\window.cpp">
      <Filter>Source Files</Filter>
    </ClCompile>
    <ClCompile Include="src\graphics\spritesheetmanager.cpp">
      <Filter>Source Files</Filter>
    </ClCompile>
    <ClCompile Include="src\graphics\spriterendersystem.cpp">
      <Filter>Source Files</Filter>
    </ClCompile>
    <ClCompile Include="src\math\vector.cpp">
      <Filter>Source Files</Filter>
    </ClCompile>
    <ClCompile Include="src\movement\insertersystem.cpp">
      <Filter>Source Files</Filter>
    </ClCompile>
    <ClCompile Include="src\utils.cpp">
      <Filter>Source Files</Filter>
    </ClCompile>
    <ClCompile Include="src\item\craftingsystem.cpp">
      <Filter>Source Files</Filter>
    </ClCompile>
    <ClCompile Include="src\item\inventorysystem.cpp">
      <Filter>Source Files</Filter>
    </ClCompile>
    <ClCompile Include="src\data\entitybuilder.cpp">
      <Filter>Source Files</Filter>
    </ClCompile>
    <ClCompile Include="src\movement\beltsystem.cpp">
      <Filter>Source Files</Filter>
    </ClCompile>
    <ClCompile Include="src\graphics\animationsystem.cpp">
      <Filter>Source Files</Filter>
    </ClCompile>
    <ClCompile Include="src\input\inputsystem.cpp">
      <Filter>Source Files</Filter>
    </ClCompile>
    <ClCompile Include="src\ui\uirendersystem.cpp">
      <Filter>Source Files</Filter>
    </ClCompile>
    <ClCompile Include="src\ui\uitextrendersystem.cpp">
      <Filter>Source Files</Filter>
    </ClCompile>
  </ItemGroup>
  <ItemGroup>
    <ClInclude Include="src\ecs\world.h">
      <Filter>Header Files</Filter>
    </ClInclude>
    <ClInclude Include="src\ecs\entity.h">
      <Filter>Header Files</Filter>
    </ClInclude>
    <ClInclude Include="src\ecs\system.h">
      <Filter>Header Files</Filter>
    </ClInclude>
    <ClInclude Include="src\iron.h">
      <Filter>Header Files</Filter>
    </ClInclude>
    <ClInclude Include="src\ecs\component.h">
      <Filter>Header Files</Filter>
    </ClInclude>
    <ClInclude Include="src\graphics\window.h">
      <Filter>Header Files</Filter>
    </ClInclude>
    <ClInclude Include="src\movement\positioncomponent.h">
      <Filter>Header Files</Filter>
    </ClInclude>
    <ClInclude Include="src\graphics\spritesheetmanager.h">
      <Filter>Header Files</Filter>
    </ClInclude>
    <ClInclude Include="src\graphics\sfmlspritecomponent.h">
      <Filter>Header Files</Filter>
    </ClInclude>
    <ClInclude Include="src\graphics\spritecomponent.h">
      <Filter>Header Files</Filter>
    </ClInclude>
    <ClInclude Include="src\graphics\spriterendersystem.h">
      <Filter>Header Files</Filter>
    </ClInclude>
    <ClInclude Include="src\math\vector.h">
      <Filter>Header Files</Filter>
    </ClInclude>
    <ClInclude Include="src\movement\insertercomponent.h">
      <Filter>Header Files</Filter>
    </ClInclude>
    <ClInclude Include="src\movement\insertersystem.h">
      <Filter>Header Files</Filter>
    </ClInclude>
    <ClInclude Include="src\utils.h">
      <Filter>Header Files</Filter>
    </ClInclude>
    <ClInclude Include="src\item\itemenum.h">
      <Filter>Header Files</Filter>
    </ClInclude>
    <ClInclude Include="src\item\resourcecomponent.h">
      <Filter>Header Files</Filter>
    </ClInclude>
    <ClInclude Include="src\item\craftercomponent.h">
      <Filter>Header Files</Filter>
    </ClInclude>
    <ClInclude Include="src\item\recipe.h">
      <Filter>Header Files</Filter>
    </ClInclude>
    <ClInclude Include="src\item\craftingsystem.h">
      <Filter>Header Files</Filter>
    </ClInclude>
    <ClInclude Include="src\item\inventorycomponent.h">
      <Filter>Header Files</Filter>
    </ClInclude>
    <ClInclude Include="src\item\inventorysystem.h">
      <Filter>Header Files</Filter>
    </ClInclude>
    <ClInclude Include="src\data\entitybuilder.h">
      <Filter>Header Files</Filter>
    </ClInclude>
    <ClInclude Include="src\item\inventoryitem.h">
      <Filter>Header Files</Filter>
    </ClInclude>
    <ClInclude Include="src\movement\beltcomponent.h">
      <Filter>Header Files</Filter>
    </ClInclude>
    <ClInclude Include="src\movement\beltsystem.h">
      <Filter>Header Files</Filter>
    </ClInclude>
    <ClInclude Include="src\movement\onbeltcomponent.h">
      <Filter>Header Files</Filter>
    </ClInclude>
    <ClInclude Include="src\graphics\animationcomponent.h">
      <Filter>Header Files</Filter>
    </ClInclude>
    <ClInclude Include="src\graphics\animationsystem.h">
      <Filter>Header Files</Filter>
    </ClInclude>
    <ClInclude Include="src\ecs\componentcache.h">
      <Filter>Header Files</Filter>
    </ClInclude>
    <ClInclude Include="src\ecs\componentcacheimpl.h">
      <Filter>Header Files</Filter>
    </ClInclude>
    <ClInclude Include="src\input\inputsystem.h">
      <Filter>Header Files</Filter>
    </ClInclude>
    <ClInclude Include="src\input\inputcomponent.h">
      <Filter>Header Files</Filter>
    </ClInclude>
    <ClInclude Include="src\graphics\spriteinfo.h">
      <Filter>Header Files</Filter>
    </ClInclude>
    <ClInclude Include="src\ui\uirendersystem.h">
      <Filter>Header Files</Filter>
    </ClInclude>
    <ClInclude Include="src\ui\uispritecomponent.h">
      <Filter>Header Files</Filter>
    </ClInclude>
    <ClInclude Include="src\ui\uitextcomponent.h">
      <Filter>Header Files</Filter>
    </ClInclude>
    <ClInclude Include="src\ui\uitextrendersystem.h">
      <Filter>Header Files</Filter>
    </ClInclude>
    <ClInclude Include="src\ui\uibuttoncomponent.h">
      <Filter>Header Files</Filter>
    </ClInclude>
    <ClInclude Include="src\ui\button.h">
      <Filter>Header Files</Filter>
    </ClInclude>
  </ItemGroup>
  <ItemGroup>
    <None Include="src\movement\positioncomponent.iron" />
  </ItemGroup>
</Project>